
Microsoft Visual Studio Solution File, Format Version 12.00
# Visual Studio Version 17
VisualStudioVersion = 17.8.34330.188
MinimumVisualStudioVersion = 10.0.40219.1
Project("{FAE04EC0-301F-11D3-BF4B-00C04F79EFBC}") = "PDFSplitTest", "PDFSplitTest\PDFSplitTest.csproj", "{3C9742FE-FDA2-42A8-BE81-0DE578CA6765}"
EndProject
Global
	GlobalSection(SolutionConfigurationPlatforms) = preSolution
		Debug|Any CPU = Debug|Any CPU
		Release|Any CPU = Release|Any CPU
	EndGlobalSection
	GlobalSection(ProjectConfigurationPlatforms) = postSolution
		{3C9742FE-FDA2-42A8-BE81-0DE578CA6765}.Debug|Any CPU.ActiveCfg = Debug|Any CPU
		{3C9742FE-FDA2-42A8-BE81-0DE578CA6765}.Debug|Any CPU.Build.0 = Debug|Any CPU
		{3C9742FE-FDA2-42A8-BE81-0DE578CA6765}.Release|Any CPU.ActiveCfg = Release|Any CPU
		{3C9742FE-FDA2-42A8-BE81-0DE578CA6765}.Release|Any CPU.Build.0 = Release|Any CPU
	EndGlobalSection
	GlobalSection(SolutionProperties) = preSolution
		HideSolutionNode = FALSE
	EndGlobalSection
	GlobalSection(ExtensibilityGlobals) = postSolution
		SolutionGuid = {B5D65000-229D-4125-BF38-55758B14933A}
	EndGlobalSection
EndGlobal
